Microsoft Visual Studio Solution File, Format Version 12.00
# Visual Studio Version 17
VisualStudioVersion = 17.5.2.0
MinimumVisualStudioVersion = 10.0.40219.1
Project("{2150E333-8FDC-42A3-9474-1A3956D46DE8}") = "src", "src", "{827E0CD3-B72D-47B6-A68D-7590B98EB39B}"
EndProject
Project("{2150E333-8FDC-42A3-9474-1A3956D46DE8}") = "tests", "tests", "{0AB3BF05-4346-4AA6-1389-037BE0695223}"
EndProject
Project("{FAE04EC0-301F-11D3-BF4B-00C04F79EFBC}") = "SnippetLauncher.App", "src\SnippetLauncher.App\SnippetLauncher.App.csproj", "{B0AA71D7-BF80-CA34-7A1E-303DD36B6657}"
EndProject
Project("{FAE04EC0-301F-11D3-BF4B-00C04F79EFBC}") = "SnippetLauncher.Core", "src\SnippetLauncher.Core\SnippetLauncher.Core.csproj", "{E89DF34E-A4F6-2E8B-44C4-8E2A5A2BCF40}"
EndProject
Project("{FAE04EC0-301F-11D3-BF4B-00C04F79EFBC}") = "SnippetLauncher.App.Tests", "tests\SnippetLauncher.App.Tests\SnippetLauncher.App.Tests.csproj", "{AEBD767E-0A10-518A-D946-910C23D43C48}"
EndProject
Project("{FAE04EC0-301F-11D3-BF4B-00C04F79EFBC}") = "SnippetLauncher.Core.Tests", "tests\SnippetLauncher.Core.Tests\SnippetLauncher.Core.Tests.csproj", "{002D459A-6BA1-F87A-CA3A-CF48BBD0CB5F}"
EndProject
Global
	GlobalSection(SolutionConfigurationPlatforms) = preSolution
		Debug|Any CPU = Debug|Any CPU
		Release|Any CPU = Release|Any CPU
	EndGlobalSection
	GlobalSection(ProjectConfigurationPlatforms) = postSolution
		{B0AA71D7-BF80-CA34-7A1E-303DD36B6657}.Debug|Any CPU.ActiveCfg = Debug|Any CPU
		{B0AA71D7-BF80-CA34-7A1E-303DD36B6657}.Debug|Any CPU.Build.0 = Debug|Any CPU
		{B0AA71D7-BF80-CA34-7A1E-303DD36B6657}.Release|Any CPU.ActiveCfg = Release|Any CPU
		{B0AA71D7-BF80-CA34-7A1E-303DD36B6657}.Release|Any CPU.Build.0 = Release|Any CPU
		{E89DF34E-A4F6-2E8B-44C4-8E2A5A2BCF40}.Debug|Any CPU.ActiveCfg = Debug|Any CPU
		{E89DF34E-A4F6-2E8B-44C4-8E2A5A2BCF40}.Debug|Any CPU.Build.0 = Debug|Any CPU
		{E89DF34E-A4F6-2E8B-44C4-8E2A5A2BCF40}.Release|Any CPU.ActiveCfg = Release|Any CPU
		{E89DF34E-A4F6-2E8B-44C4-8E2A5A2BCF40}.Release|Any CPU.Build.0 = Release|Any CPU
		{AEBD767E-0A10-518A-D946-910C23D43C48}.Debug|Any CPU.ActiveCfg = Debug|Any CPU
		{AEBD767E-0A10-518A-D946-910C23D43C48}.Debug|Any CPU.Build.0 = Debug|Any CPU
		{AEBD767E-0A10-518A-D946-910C23D43C48}.Release|Any CPU.ActiveCfg = Release|Any CPU
		{AEBD767E-0A10-518A-D946-910C23D43C48}.Release|Any CPU.Build.0 = Release|Any CPU
		{002D459A-6BA1-F87A-CA3A-CF48BBD0CB5F}.Debug|Any CPU.ActiveCfg = Debug|Any CPU
		{002D459A-6BA1-F87A-CA3A-CF48BBD0CB5F}.Debug|Any CPU.Build.0 = Debug|Any CPU
		{002D459A-6BA1-F87A-CA3A-CF48BBD0CB5F}.Release|Any CPU.ActiveCfg = Release|Any CPU
		{002D459A-6BA1-F87A-CA3A-CF48BBD0CB5F}.Release|Any CPU.Build.0 = Release|Any CPU
	EndGlobalSection
	GlobalSection(SolutionProperties) = preSolution
		HideSolutionNode = FALSE
	EndGlobalSection
	GlobalSection(NestedProjects) = preSolution
		{B0AA71D7-BF80-CA34-7A1E-303DD36B6657} = {827E0CD3-B72D-47B6-A68D-7590B98EB39B}
		{E89DF34E-A4F6-2E8B-44C4-8E2A5A2BCF40} = {827E0CD3-B72D-47B6-A68D-7590B98EB39B}
		{AEBD767E-0A10-518A-D946-910C23D43C48} = {0AB3BF05-4346-4AA6-1389-037BE0695223}
		{002D459A-6BA1-F87A-CA3A-CF48BBD0CB5F} = {0AB3BF05-4346-4AA6-1389-037BE0695223}
	EndGlobalSection
	GlobalSection(ExtensibilityGlobals) = postSolution
		SolutionGuid = {7745016D-DDF5-4F1C-9146-7E943EE7ED39}
	EndGlobalSection
EndGlobal
